
Microsoft Visual Studio Solution File, Format Version 12.00
# Visual Studio 15
VisualStudioVersion = 15.0.28307.271
MinimumVisualStudioVersion = 10.0.40219.1
Project("{FAE04EC0-301F-11D3-BF4B-00C04F79EFBC}") = "AlgorithmsLibrary", "AlgorithmsLibrary\AlgorithmsLibrary.csproj", "{0220219F-4BA9-4C05-A2E8-2546937A538C}"
EndProject
Project("{FAE04EC0-301F-11D3-BF4B-00C04F79EFBC}") = "AlgorithmsApp", "AlgorithmsApp\AlgorithmsApp.csproj", "{3EE1E8AE-381C-47CD-A7A6-217D5054BBB0}"
EndProject
Global
	GlobalSection(SolutionConfigurationPlatforms) = preSolution
		Debug|Any CPU = Debug|Any CPU
		Release|Any CPU = Release|Any CPU
	EndGlobalSection
	GlobalSection(ProjectConfigurationPlatforms) = postSolution
		{0220219F-4BA9-4C05-A2E8-2546937A538C}.Debug|Any CPU.ActiveCfg = Debug|Any CPU
		{0220219F-4BA9-4C05-A2E8-2546937A538C}.Debug|Any CPU.Build.0 = Debug|Any CPU
		{0220219F-4BA9-4C05-A2E8-2546937A538C}.Release|Any CPU.ActiveCfg = Release|Any CPU
		{0220219F-4BA9-4C05-A2E8-2546937A538C}.Release|Any CPU.Build.0 = Release|Any CPU
		{3EE1E8AE-381C-47CD-A7A6-217D5054BBB0}.Debug|Any CPU.ActiveCfg = Debug|Any CPU
		{3EE1E8AE-381C-47CD-A7A6-217D5054BBB0}.Debug|Any CPU.Build.0 = Debug|Any CPU
		{3EE1E8AE-381C-47CD-A7A6-217D5054BBB0}.Release|Any CPU.ActiveCfg = Release|Any CPU
		{3EE1E8AE-381C-47CD-A7A6-217D5054BBB0}.Release|Any CPU.Build.0 = Release|Any CPU
	EndGlobalSection
	GlobalSection(SolutionProperties) = preSolution
		HideSolutionNode = FALSE
	EndGlobalSection
	GlobalSection(ExtensibilityGlobals) = postSolution
		SolutionGuid = {6BFBE3D4-88F0-4618-8B78-4B139059B2AD}
	EndGlobalSection
EndGlobal
